PODS:
  - QDNavigationBarHiddenHelper (0.1.1)

DEPENDENCIES:
  - QDNavigationBarHiddenHelper (from `../`)

EXTERNAL SOURCES:
  QDNavigationBarHiddenHelper:
    :path: "../"

SPEC CHECKSUMS:
  QDNavigationBarHiddenHelper: f47cdf2baa21b7b061cce84bdaaf2f968b00e392

PODFILE CHECKSUM: a33d132a5f3d9f5d1c236112cf45ceec6887ac50

COCOAPODS: 1.6.1
