PODS:
  - QDNavigationBarHiddenHelper (0.1.0)

DEPENDENCIES:
  - QDNavigationBarHiddenHelper (from `../`)

EXTERNAL SOURCES:
  QDNavigationBarHiddenHelper:
    :path: "../"

SPEC CHECKSUMS:
  QDNavigationBarHiddenHelper: 270224e956e89198a98fe8c9e3f8d953b521e77f

PODFILE CHECKSUM: fa18025be81d622089aa5c835645da442b36e4b9

COCOAPODS: 1.5.3
